<?xml version="1.0" encoding="utf-8"?>
<Project ToolsVersion="4.0" xmlns="http://schemas.microsoft.com/developer/msbuild/2003">
  <ItemGroup>
    <Filter Include="Source Files">
      <UniqueIdentifier>{4FC737F1-C7A5-4376-A066-2A32D752A2FF}</UniqueIdentifier>
      <Extensions>cpp;c;cc;cxx;def;odl;idl;hpj;bat;asm;asmx</Extensions>
    </Filter>
    <Filter Include="Header Files">
      <UniqueIdentifier>{93995380-89BD-4b04-88EB-625FBE52EBFB}</UniqueIdentifier>
      <Extensions>h;hh;hpp;hxx;hm;inl;inc;ipp;xsd</Extensions>
    </Filter>
    <Filter Include="Resource Files">
      <UniqueIdentifier>{67DA6AB6-F800-4c08-8B7A-83BB121AAD01}</UniqueIdentifier>
      <Extensions>rc;ico;cur;bmp;dlg;rc2;rct;bin;rgs;gif;jpg;jpeg;jpe;resx;tiff;tif;png;wav;mfcribbon-ms</Extensions>
    </Filter>
    <Filter Include="Source Files\tcc">
      <UniqueIdentifier>{24b17f8c-47e4-4857-a986-323d605d3162}</UniqueIdentifier>
    </Filter>
  </ItemGroup>
  <ItemGroup>
    <ClCompile Include="..\other.c">
      <Filter>Source Files</Filter>
    </ClCompile>
    <ClCompile Include="..\ex_draw_bitmap.c">
      <Filter>Source Files</Filter>
    </ClCompile>
    <ClCompile Include="..\main.c">
      <Filter>Source Files</Filter>
    </ClCompile>
    <ClCompile Include="..\wave_player.c">
      <Filter>Source Files</Filter>
    </ClCompile>
    <ClCompile Include="..\game.c">
      <Filter>Source Files</Filter>
    </ClCompile>
    <ClCompile Include="..\compiler.c">
      <Filter>Source Files</Filter>
    </ClCompile>
    <ClCompile Include="..\tcc\src\libtcc.c">
      <Filter>Source Files\tcc</Filter>
    </ClCompile>
  </ItemGroup>
  <ItemGroup>
    <ClInclude Include="..\tcc\libtcc.h">
      <Filter>Source Files\tcc</Filter>
    </ClInclude>
  </ItemGroup>
  <ItemGroup>
    <None Include="..\tcc\libtcc.def">
      <Filter>Source Files\tcc</Filter>
    </None>
  </ItemGroup>
</Project>